
Microsoft Visual Studio Solution File, Format Version 12.00
# Visual Studio Version 17
VisualStudioVersion = 17.4.33103.184
MinimumVisualStudioVersion = 10.0.40219.1
Project("{9A19103F-16F7-4668-BE54-9A1E7A4F7556}") = "Mochi.DearImGui.Sample", "Mochi.DearImGui.Sample\Mochi.DearImGui.Sample.csproj", "{21BF6F6B-3536-4C11-8B00-9749A23B5F08}"
EndProject
Project("{FAE04EC0-301F-11D3-BF4B-00C04F79EFBC}") = "ImGuiNET.OpenTK.Sample", "ImGuiNET.OpenTK.Sample\ImGuiNET.OpenTK.Sample.csproj", "{4761212C-52C4-4523-B67C-68D433B76036}"
EndProject
Global
	GlobalSection(SolutionConfigurationPlatforms) = preSolution
		Debug|Any CPU = Debug|Any CPU
		Release|Any CPU = Release|Any CPU
	EndGlobalSection
	GlobalSection(ProjectConfigurationPlatforms) = postSolution
		{21BF6F6B-3536-4C11-8B00-9749A23B5F08}.Debug|Any CPU.ActiveCfg = Debug|Any CPU
		{21BF6F6B-3536-4C11-8B00-9749A23B5F08}.Debug|Any CPU.Build.0 = Debug|Any CPU
		{21BF6F6B-3536-4C11-8B00-9749A23B5F08}.Release|Any CPU.ActiveCfg = Release|Any CPU
		{21BF6F6B-3536-4C11-8B00-9749A23B5F08}.Release|Any CPU.Build.0 = Release|Any CPU
		{4761212C-52C4-4523-B67C-68D433B76036}.Debug|Any CPU.ActiveCfg = Debug|Any CPU
		{4761212C-52C4-4523-B67C-68D433B76036}.Debug|Any CPU.Build.0 = Debug|Any CPU
		{4761212C-52C4-4523-B67C-68D433B76036}.Release|Any CPU.ActiveCfg = Release|Any CPU
		{4761212C-52C4-4523-B67C-68D433B76036}.Release|Any CPU.Build.0 = Release|Any CPU
	EndGlobalSection
	GlobalSection(SolutionProperties) = preSolution
		HideSolutionNode = FALSE
	EndGlobalSection
	GlobalSection(ExtensibilityGlobals) = postSolution
		SolutionGuid = {E9D891CD-C36B-4DD9-806A-4747EF9E3B41}
	EndGlobalSection
EndGlobal
